
Microsoft Visual Studio Solution File, Format Version 12.00
# Visual Studio Version 17
VisualStudioVersion = 17.9.34622.214
MinimumVisualStudioVersion = 10.0.40219.1
Project("{8BC9CEB8-8B4A-11D0-8D11-00A0C91BC942}") = "ChuyenViMaTran", "ChuyenViMaTran\ChuyenViMaTran.vcxproj", "{44A0D534-A7C1-472D-910E-9B778BD4DC9B}"
EndProject
Global
	GlobalSection(SolutionConfigurationPlatforms) = preSolution
		Debug|x64 = Debug|x64
		Debug|x86 = Debug|x86
		Release|x64 = Release|x64
		Release|x86 = Release|x86
	EndGlobalSection
	GlobalSection(ProjectConfigurationPlatforms) = postSolution
		{44A0D534-A7C1-472D-910E-9B778BD4DC9B}.Debug|x64.ActiveCfg = Debug|x64
		{44A0D534-A7C1-472D-910E-9B778BD4DC9B}.Debug|x64.Build.0 = Debug|x64
		{44A0D534-A7C1-472D-910E-9B778BD4DC9B}.Debug|x86.ActiveCfg = Debug|Win32
		{44A0D534-A7C1-472D-910E-9B778BD4DC9B}.Debug|x86.Build.0 = Debug|Win32
		{44A0D534-A7C1-472D-910E-9B778BD4DC9B}.Release|x64.ActiveCfg = Release|x64
		{44A0D534-A7C1-472D-910E-9B778BD4DC9B}.Release|x64.Build.0 = Release|x64
		{44A0D534-A7C1-472D-910E-9B778BD4DC9B}.Release|x86.ActiveCfg = Release|Win32
		{44A0D534-A7C1-472D-910E-9B778BD4DC9B}.Release|x86.Build.0 = Release|Win32
	EndGlobalSection
	GlobalSection(SolutionProperties) = preSolution
		HideSolutionNode = FALSE
	EndGlobalSection
	GlobalSection(ExtensibilityGlobals) = postSolution
		SolutionGuid = {3638E2E5-C0EF-41FE-8B72-D217A5896ECC}
	EndGlobalSection
EndGlobal
